<?xml version="1.0" encoding="UTF-8" standalone="yes" ?>
<CodeBlocks_project_file>
	<FileVersion major="1" minor="6" />
	<Project>
		<Option title="EJ_29" />
		<Option pch_mode="2" />
		<Option compiler="gcc" />
		<Build>
			<Target title="Debug">
				<Option output="bin/Debug/EJ_29" prefix_auto="1" extension_auto="1" />
				<Option object_output="obj/Debug/" />
				<Option type="1" />
				<Option compiler="gcc" />
				<Compiler>
					<Add option="-g" />
				</Compiler>
			</Target>
			<Target title="Release">
				<Option output="bin/Release/EJ_29" prefix_auto="1" extension_auto="1" />
				<Option object_output="obj/Release/" />
				<Option type="1" />
				<Option compiler="gcc" />
				<Compiler>
					<Add option="-O2" />
				</Compiler>
				<Linker>
					<Add option="-s" />
				</Linker>
			</Target>
		</Build>
		<Compiler>
			<Add option="-Wall" />
		</Compiler>
		<Unit filename="../Bibliotecas/funcionesMatrices.c">
			<Option compilerVar="CC" />
		</Unit>
		<Unit filename="../Bibliotecas/funcionesMatrices.h" />
		<Unit filename="../Bibliotecas/miCtype.c">
			<Option compilerVar="CC" />
		</Unit>
		<Unit filename="../Bibliotecas/miCtype.h" />
		<Unit filename="../Bibliotecas/miStdlib.c">
			<Option compilerVar="CC" />
		</Unit>
		<Unit filename="../Bibliotecas/miStdlib.h" />
		<Unit filename="../Bibliotecas/miString.c">
			<Option compilerVar="CC" />
		</Unit>
		<Unit filename="../Bibliotecas/miString.h" />
		<Unit filename="../miMath.c">
			<Option compilerVar="CC" />
		</Unit>
		<Unit filename="../miMath.h" />
		<Unit filename="main.c">
			<Option compilerVar="CC" />
		</Unit>
		<Extensions>
			<lib_finder disable_auto="1" />
		</Extensions>
	</Project>
</CodeBlocks_project_file>
